// !$*UTF8*$!
{
	archiveVersion = 1;
	classes = {
	};
	objectVersion = 50;
	objects = {

/* Begin PBXBuildFile section */
		2D26443C25596C65008FD91C /* AppDelegate.swift in Sources */ = {isa = PBXBuildFile; fileRef = 2D26443B25596C65008FD91C /* AppDelegate.swift */; };
		2D26443E25596C65008FD91C /* SceneDelegate.swift in Sources */ = {isa = PBXBuildFile; fileRef = 2D26443D25596C65008FD91C /* SceneDelegate.swift */; };
		2D26444025596C66008FD91C /* ViewController.swift in Sources */ = {isa = PBXBuildFile; fileRef = 2D26443F25596C66008FD91C /* ViewController.swift */; };
		2D26444325596C66008FD91C /* Main.storyboard in Resources */ = {isa = PBXBuildFile; fileRef = 2D26444125596C66008FD91C /* Main.storyboard */; };
		2D26444525596C68008FD91C /* Assets.xcassets in Resources */ = {isa = PBXBuildFile; fileRef = 2D26444425596C68008FD91C /* Assets.xcassets */; };
		2D26444825596C68008FD91C /* LaunchScreen.storyboard in Resources */ = {isa = PBXBuildFile; fileRef = 2D26444625596C68008FD91C /* LaunchScreen.storyboard */; };
		2D26445025596FB9008FD91C /* CarProtocol.swift in Sources */ = {isa = PBXBuildFile; fileRef = 2D26444F25596FB9008FD91C /* CarProtocol.swift */; };
		2D26445225597024008FD91C /* MercedesCLA.swift in Sources */ = {isa = PBXBuildFile; fileRef = 2D26445125597024008FD91C /* MercedesCLA.swift */; };
		2D264454255970CA008FD91C /* MercedesDecorator.swift in Sources */ = {isa = PBXBuildFile; fileRef = 2D264453255970C9008FD91C /* MercedesDecorator.swift */; };
		2D264456255971F9008FD91C /* PanoramicRoof.swift in Sources */ = {isa = PBXBuildFile; fileRef = 2D264455255971F9008FD91C /* PanoramicRoof.swift */; };
		2D264458255972FD008FD91C /* SpecialWheels.swift in Sources */ = {isa = PBXBuildFile; fileRef = 2D264457255972FD008FD91C /* SpecialWheels.swift */; };
/* End PBXBuildFile section */

/* Begin PBXFileReference section */
		2D26443825596C65008FD91C /* Decorator.app */ = {isa = PBXFileReference; explicitFileType = wrapper.application; includeInIndex = 0; path = Decorator.app; sourceTree = BUILT_PRODUCTS_DIR; };
		2D26443B25596C65008FD91C /* AppDelegate.swift */ = {isa = PBXFileReference; lastKnownFileType = sourcecode.swift; path = AppDelegate.swift; sourceTree = "<group>"; };
		2D26443D25596C65008FD91C /* SceneDelegate.swift */ = {isa = PBXFileReference; lastKnownFileType = sourcecode.swift; path = SceneDelegate.swift; sourceTree = "<group>"; };
		2D26443F25596C66008FD91C /* ViewController.swift */ = {isa = PBXFileReference; lastKnownFileType = sourcecode.swift; path = ViewController.swift; sourceTree = "<group>"; };
		2D26444225596C66008FD91C /* Base */ = {isa = PBXFileReference; lastKnownFileType = file.storyboard; name = Base; path = Base.lproj/Main.storyboard; sourceTree = "<group>"; };
		2D26444425596C68008FD91C /* Assets.xcassets */ = {isa = PBXFileReference; lastKnownFileType = folder.assetcatalog; path = Assets.xcassets; sourceTree = "<group>"; };
		2D26444725596C68008FD91C /* Base */ = {isa = PBXFileReference; lastKnownFileType = file.storyboard; name = Base; path = Base.lproj/LaunchScreen.storyboard; sourceTree = "<group>"; };
		2D26444925596C68008FD91C /* Info.plist */ = {isa = PBXFileReference; lastKnownFileType = text.plist.xml; path = Info.plist; sourceTree = "<group>"; };
		2D26444F25596FB9008FD91C /* CarProtocol.swift */ = {isa = PBXFileReference; lastKnownFileType = sourcecode.swift; path = CarProtocol.swift; sourceTree = "<group>"; };
		2D26445125597024008FD91C /* MercedesCLA.swift */ = {isa = PBXFileReference; lastKnownFileType = sourcecode.swift; path = MercedesCLA.swift; sourceTree = "<group>"; };
		2D264453255970C9008FD91C /* MercedesDecorator.swift */ = {isa = PBXFileReference; lastKnownFileType = sourcecode.swift; path = MercedesDecorator.swift; sourceTree = "<group>"; };
		2D264455255971F9008FD91C /* PanoramicRoof.swift */ = {isa = PBXFileReference; lastKnownFileType = sourcecode.swift; path = PanoramicRoof.swift; sourceTree = "<group>"; };
		2D264457255972FD008FD91C /* SpecialWheels.swift */ = {isa = PBXFileReference; lastKnownFileType = sourcecode.swift; path = SpecialWheels.swift; sourceTree = "<group>"; };
/* End PBXFileReference section */

/* Begin PBXFrameworksBuildPhase section */
		2D26443525596C65008FD91C /* Frameworks */ = {
			isa = PBXFrameworksBuildPhase;
			buildActionMask = 2147483647;
			files = (
			);
			runOnlyForDeploymentPostprocessing = 0;
		};
/* End PBXFrameworksBuildPhase section */

/* Begin PBXGroup section */
		2D26442F25596C65008FD91C = {
			isa = PBXGroup;
			children = (
				2D26443A25596C65008FD91C /* Decorator */,
				2D26443925596C65008FD91C /* Products */,
			);
			sourceTree = "<group>";
		};
		2D26443925596C65008FD91C /* Products */ = {
			isa = PBXGroup;
			children = (
				2D26443825596C65008FD91C /* Decorator.app */,
			);
			name = Products;
			sourceTree = "<group>";
		};
		2D26443A25596C65008FD91C /* Decorator */ = {
			isa = PBXGroup;
			children = (
				2D26443B25596C65008FD91C /* AppDelegate.swift */,
				2D26443D25596C65008FD91C /* SceneDelegate.swift */,
				2D26443F25596C66008FD91C /* ViewController.swift */,
				2D26444125596C66008FD91C /* Main.storyboard */,
				2D26444425596C68008FD91C /* Assets.xcassets */,
				2D26444625596C68008FD91C /* LaunchScreen.storyboard */,
				2D26444925596C68008FD91C /* Info.plist */,
				2D26444F25596FB9008FD91C /* CarProtocol.swift */,
				2D26445125597024008FD91C /* MercedesCLA.swift */,
				2D264453255970C9008FD91C /* MercedesDecorator.swift */,
				2D264455255971F9008FD91C /* PanoramicRoof.swift */,
				2D264457255972FD008FD91C /* SpecialWheels.swift */,
			);
			path = Decorator;
			sourceTree = "<group>";
		};
/* End PBXGroup section */

/* Begin PBXNativeTarget section */
		2D26443725596C65008FD91C /* Decorator */ = {
			isa = PBXNativeTarget;
			buildConfigurationList = 2D26444C25596C68008FD91C /* Build configuration list for PBXNativeTarget "Decorator" */;
			buildPhases = (
				2D26443425596C65008FD91C /* Sources */,
				2D26443525596C65008FD91C /* Frameworks */,
				2D26443625596C65008FD91C /* Resources */,
			);
			buildRules = (
			);
			dependencies = (
			);
			name = Decorator;
			productName = Decorator;
			productReference = 2D26443825596C65008FD91C /* Decorator.app */;
			productType = "com.apple.product-type.application";
		};
/* End PBXNativeTarget section */

/* Begin PBXProject section */
		2D26443025596C65008FD91C /* Project object */ = {
			isa = PBXProject;
			attributes = {
				LastSwiftUpdateCheck = 1170;
				LastUpgradeCheck = 1170;
				ORGANIZATIONNAME = drohobytskyy;
				TargetAttributes = {
					2D26443725596C65008FD91C = {
						CreatedOnToolsVersion = 11.7;
					};
				};
			};
			buildConfigurationList = 2D26443325596C65008FD91C /* Build configuration list for PBXProject "Decorator" */;
			compatibilityVersion = "Xcode 9.3";
			developmentRegion = en;
			hasScannedForEncodings = 0;
			knownRegions = (
				en,
				Base,
			);
			mainGroup = 2D26442F25596C65008FD91C;
			productRefGroup = 2D26443925596C65008FD91C /* Products */;
			projectDirPath = "";
			projectRoot = "";
			targets = (
				2D26443725596C65008FD91C /* Decorator */,
			);
		};
/* End PBXProject section */

/* Begin PBXResourcesBuildPhase section */
		2D26443625596C65008FD91C /* Resources */ = {
			isa = PBXResourcesBuildPhase;
			buildActionMask = 2147483647;
			files = (
				2D26444825596C68008FD91C /* LaunchScreen.storyboard in Resources */,
				2D26444525596C68008FD91C /* Assets.xcassets in Resources */,
				2D26444325596C66008FD91C /* Main.storyboard in Resources */,
			);
			runOnlyForDeploymentPostprocessing = 0;
		};
/* End PBXResourcesBuildPhase section */

/* Begin PBXSourcesBuildPhase section */
		2D26443425596C65008FD91C /* Sources */ = {
			isa = PBXSourcesBuildPhase;
			buildActionMask = 2147483647;
			files = (
				2D26445025596FB9008FD91C /* CarProtocol.swift in Sources */,
				2D264456255971F9008FD91C /* PanoramicRoof.swift in Sources */,
				2D26444025596C66008FD91C /* ViewController.swift in Sources */,
				2D26443C25596C65008FD91C /* AppDelegate.swift in Sources */,
				2D264454255970CA008FD91C /* MercedesDecorator.swift in Sources */,
				2D26445225597024008FD91C /* MercedesCLA.swift in Sources */,
				2D26443E25596C65008FD91C /* SceneDelegate.swift in Sources */,
				2D264458255972FD008FD91C /* SpecialWheels.swift in Sources */,
			);
			runOnlyForDeploymentPostprocessing = 0;
		};
/* End PBXSourcesBuildPhase section */

/* Begin PBXVariantGroup section */
		2D26444125596C66008FD91C /* Main.storyboard */ = {
			isa = PBXVariantGroup;
			children = (
				2D26444225596C66008FD91C /* Base */,
			);
			name = Main.storyboard;
			sourceTree = "<group>";
		};
		2D26444625596C68008FD91C /* LaunchScreen.storyboard */ = {
			isa = PBXVariantGroup;
			children = (
				2D26444725596C68008FD91C /* Base */,
			);
			name = LaunchScreen.storyboard;
			sourceTree = "<group>";
		};
/* End PBXVariantGroup section */

/* Begin XCBuildConfiguration section */
		2D26444A25596C68008FD91C /* Debug */ = {
			isa = XCBuildConfiguration;
			buildSettings = {
				ALWAYS_SEARCH_USER_PATHS = NO;
				CLANG_ANALYZER_NONNULL = YES;
				CLANG_ANALYZER_NUMBER_OBJECT_CONVERSION = YES_AGGRESSIVE;
				CLANG_CXX_LANGUAGE_STANDARD = "gnu++14";
				CLANG_CXX_LIBRARY = "libc++";
				CLANG_ENABLE_MODULES = YES;
				CLANG_ENABLE_OBJC_ARC = YES;
				CLANG_ENABLE_OBJC_WEAK = YES;
				CLANG_WARN_BLOCK_CAPTURE_AUTORELEASING = YES;
				CLANG_WARN_BOOL_CONVERSION = YES;
				CLANG_WARN_COMMA = YES;
				CLANG_WARN_CONSTANT_CONVERSION = YES;
				CLANG_WARN_DEPRECATED_OBJC_IMPLEMENTATIONS = YES;
				CLANG_WARN_DIRECT_OBJC_ISA_USAGE = YES_ERROR;
				CLANG_WARN_DOCUMENTATION_COMMENTS = YES;
				CLANG_WARN_EMPTY_BODY = YES;
				CLANG_WARN_ENUM_CONVERSION = YES;
				CLANG_WARN_INFINITE_RECURSION = YES;
				CLANG_WARN_INT_CONVERSION = YES;
				CLANG_WARN_NON_LITERAL_NULL_CONVERSION = YES;
				CLANG_WARN_OBJC_IMPLICIT_RETAIN_SELF = YES;
				CLANG_WARN_OBJC_LITERAL_CONVERSION = YES;
				CLANG_WARN_OBJC_ROOT_CLASS = YES_ERROR;
				CLANG_WARN_RANGE_LOOP_ANALYSIS = YES;
				CLANG_WARN_STRICT_PROTOTYPES = YES;
				CLANG_WARN_SUSPICIOUS_MOVE = YES;
				CLANG_WARN_UNGUARDED_AVAILABILITY = YES_AGGRESSIVE;
				CLANG_WARN_UNREACHABLE_CODE = YES;
				CLANG_WARN__DUPLICATE_METHOD_MATCH = YES;
				COPY_PHASE_STRIP = NO;
				DEBUG_INFORMATION_FORMAT = dwarf;
				ENABLE_STRICT_OBJC_MSGSEND = YES;
				ENABLE_TESTABILITY = YES;
				GCC_C_LANGUAGE_STANDARD = gnu11;
				GCC_DYNAMIC_NO_PIC = NO;
				GCC_NO_COMMON_BLOCKS = YES;
				GCC_OPTIMIZATION_LEVEL = 0;
				GCC_PREPROCESSOR_DEFINITIONS = (
					"DEBUG=1",
					"$(inherited)",
				);
				GCC_WARN_64_TO_32_BIT_CONVERSION = YES;
				GCC_WARN_ABOUT_RETURN_TYPE = YES_ERROR;
				GCC_WARN_UNDECLARED_SELECTOR = YES;
				GCC_WARN_UNINITIALIZED_AUTOS = YES_AGGRESSIVE;
				GCC_WARN_UNUSED_FUNCTION = YES;
				GCC_WARN_UNUSED_VARIABLE = YES;
				IPHONEOS_DEPLOYMENT_TARGET = 13.7;
				MTL_ENABLE_DEBUG_INFO = INCLUDE_SOURCE;
				MTL_FAST_MATH = YES;
				ONLY_ACTIVE_ARCH = YES;
				SDKROOT = iphoneos;
				SWIFT_ACTIVE_COMPILATION_CONDITIONS = DEBUG;
				SWIFT_OPTIMIZATION_LEVEL = "-Onone";
			};
			name = Debug;
		};
		2D26444B25596C68008FD91C /* Release */ = {
			isa = XCBuildConfiguration;
			buildSettings = {
				ALWAYS_SEARCH_USER_PATHS = NO;
				CLANG_ANALYZER_NONNULL = YES;
				CLANG_ANALYZER_NUMBER_OBJECT_CONVERSION = YES_AGGRESSIVE;
				CLANG_CXX_LANGUAGE_STANDARD = "gnu++14";
				CLANG_CXX_LIBRARY = "libc++";
				CLANG_ENABLE_MODULES = YES;
				CLANG_ENABLE_OBJC_ARC = YES;
				CLANG_ENABLE_OBJC_WEAK = YES;
				CLANG_WARN_BLOCK_CAPTURE_AUTORELEASING = YES;
				CLANG_WARN_BOOL_CONVERSION = YES;
				CLANG_WARN_COMMA = YES;
				CLANG_WARN_CONSTANT_CONVERSION = YES;
				CLANG_WARN_DEPRECATED_OBJC_IMPLEMENTATIONS = YES;
				CLANG_WARN_DIRECT_OBJC_ISA_USAGE = YES_ERROR;
				CLANG_WARN_DOCUMENTATION_COMMENTS = YES;
				CLANG_WARN_EMPTY_BODY = YES;
				CLANG_WARN_ENUM_CONVERSION = YES;
				CLANG_WARN_INFINITE_RECURSION = YES;
				CLANG_WARN_INT_CONVERSION = YES;
				CLANG_WARN_NON_LITERAL_NULL_CONVERSION = YES;
				CLANG_WARN_OBJC_IMPLICIT_RETAIN_SELF = YES;
				CLANG_WARN_OBJC_LITERAL_CONVERSION = YES;
				CLANG_WARN_OBJC_ROOT_CLASS = YES_ERROR;
				CLANG_WARN_RANGE_LOOP_ANALYSIS = YES;
				CLANG_WARN_STRICT_PROTOTYPES = YES;
				CLANG_WARN_SUSPICIOUS_MOVE = YES;
				CLANG_WARN_UNGUARDED_AVAILABILITY = YES_AGGRESSIVE;
				CLANG_WARN_UNREACHABLE_CODE = YES;
				CLANG_WARN__DUPLICATE_METHOD_MATCH = YES;
				COPY_PHASE_STRIP = NO;
				DEBUG_INFORMATION_FORMAT = "dwarf-with-dsym";
				ENABLE_NS_ASSERTIONS = NO;
				ENABLE_STRICT_OBJC_MSGSEND = YES;
				GCC_C_LANGUAGE_STANDARD = gnu11;
				GCC_NO_COMMON_BLOCKS = YES;
				GCC_WARN_64_TO_32_BIT_CONVERSION = YES;
				GCC_WARN_ABOUT_RETURN_TYPE = YES_ERROR;
				GCC_WARN_UNDECLARED_SELECTOR = YES;
				GCC_WARN_UNINITIALIZED_AUTOS = YES_AGGRESSIVE;
				GCC_WARN_UNUSED_FUNCTION = YES;
				GCC_WARN_UNUSED_VARIABLE = YES;
				IPHONEOS_DEPLOYMENT_TARGET = 13.7;
				MTL_ENABLE_DEBUG_INFO = NO;
				MTL_FAST_MATH = YES;
				SDKROOT = iphoneos;
				SWIFT_COMPILATION_MODE = wholemodule;
				SWIFT_OPTIMIZATION_LEVEL = "-O";
				VALIDATE_PRODUCT = YES;
			};
			name = Release;
		};
		2D26444D25596C68008FD91C /* Debug */ = {
			isa = XCBuildConfiguration;
			buildSettings = {
				ASSETCATALOG_COMPILER_APPICON_NAME = AppIcon;
				CODE_SIGN_STYLE = Automatic;
				INFOPLIST_FILE = Decorator/Info.plist;
				LD_RUNPATH_SEARCH_PATHS = (
					"$(inherited)",
					"@executable_path/Frameworks",
				);
				PRODUCT_BUNDLE_IDENTIFIER = drohobytskyy.Decorator;
				PRODUCT_NAME = "$(TARGET_NAME)";
				SWIFT_VERSION = 5.0;
				TARGETED_DEVICE_FAMILY = "1,2";
			};
			name = Debug;
		};
		2D26444E25596C68008FD91C /* Release */ = {
			isa = XCBuildConfiguration;
			buildSettings = {
				ASSETCATALOG_COMPILER_APPICON_NAME = AppIcon;
				CODE_SIGN_STYLE = Automatic;
				INFOPLIST_FILE = Decorator/Info.plist;
				LD_RUNPATH_SEARCH_PATHS = (
					"$(inherited)",
					"@executable_path/Frameworks",
				);
				PRODUCT_BUNDLE_IDENTIFIER = drohobytskyy.Decorator;
				PRODUCT_NAME = "$(TARGET_NAME)";
				SWIFT_VERSION = 5.0;
				TARGETED_DEVICE_FAMILY = "1,2";
			};
			name = Release;
		};
/* End XCBuildConfiguration section */

/* Begin XCConfigurationList section */
		2D26443325596C65008FD91C /* Build configuration list for PBXProject "Decorator" */ = {
			isa = XCConfigurationList;
			buildConfigurations = (
				2D26444A25596C68008FD91C /* Debug */,
				2D26444B25596C68008FD91C /* Release */,
			);
			defaultConfigurationIsVisible = 0;
			defaultConfigurationName = Release;
		};
		2D26444C25596C68008FD91C /* Build configuration list for PBXNativeTarget "Decorator" */ = {
			isa = XCConfigurationList;
			buildConfigurations = (
				2D26444D25596C68008FD91C /* Debug */,
				2D26444E25596C68008FD91C /* Release */,
			);
			defaultConfigurationIsVisible = 0;
			defaultConfigurationName = Release;
		};
/* End XCConfigurationList section */
	};
	rootObject = 2D26443025596C65008FD91C /* Project object */;
}
